{
  "0": {
    "name": "Frontend",
    "lockfileVersion": 3,
    "requires": true,
    "packages": {}
  },
  "1": {
    "name": "backend-fluentify",
    "lockfileVersion": 3,
    "requires": true,
    "packages": {}
  },
  "name": "Fluentify",
  "lockfileVersion": 3,
  "requires": true,
  "packages": {}
}
